
<Solution>
  <Project Path="Tugas_Besar Ayam Icikiwir Company/Tugas_Besar Ayam Icikiwir Company.csproj" />
</Solution>
<Solution>
  <Project Path="Tugas_Besar Ayam Icikiwir Company/Tugas_Besar Ayam Icikiwir Company.csproj" />
  <Project Path="Tugas_Besar_Ayam_Icikiwir_Company/Tugas_Besar_Ayam_Icikiwir_Company.csproj" />
</Solution>
