<Solution>
  <Project Path="API_Perpustakaan/API_Perpustakaan.csproj" Id="e436056f-d4fc-44e5-83db-c2d420bed470" />
  <Project Path="Tugas_Besar Ayam Icikiwir Company/Tugas_Besar Ayam Icikiwir Company.csproj" />
  <Project Path="Tugas_Besar_Ayam_Icikiwir_Company/Tugas_Besar_Ayam_Icikiwir_Company.csproj" />
</Solution>

